
Microsoft Visual Studio Solution File, Format Version 12.00
Project("{FAE04EC0-301F-11D3-BF4B-00C04F79EFBC}") = "SQLConnectionLesson", "SQLConnectionLesson\SQLConnectionLesson.csproj", "{2FBBD425-EA90-4264-BB0C-39FD2FB2118F}"
EndProject
Global
	GlobalSection(SolutionConfigurationPlatforms) = preSolution
		Debug|Any CPU = Debug|Any CPU
		Release|Any CPU = Release|Any CPU
	EndGlobalSection
	GlobalSection(ProjectConfigurationPlatforms) = postSolution
		{2FBBD425-EA90-4264-BB0C-39FD2FB2118F}.Debug|Any CPU.ActiveCfg = Debug|Any CPU
		{2FBBD425-EA90-4264-BB0C-39FD2FB2118F}.Debug|Any CPU.Build.0 = Debug|Any CPU
		{2FBBD425-EA90-4264-BB0C-39FD2FB2118F}.Release|Any CPU.ActiveCfg = Release|Any CPU
		{2FBBD425-EA90-4264-BB0C-39FD2FB2118F}.Release|Any CPU.Build.0 = Release|Any CPU
	EndGlobalSection
EndGlobal
