
Microsoft Visual Studio Solution File, Format Version 12.00
Project("{FAE04EC0-301F-11D3-BF4B-00C04F79EFBC}") = "System files", "System files\System files.csproj", "{665512E9-2F18-40C2-B682-CB9AC7E5B97B}"
EndProject
Global
	GlobalSection(SolutionConfigurationPlatforms) = preSolution
		Debug|Any CPU = Debug|Any CPU
		Release|Any CPU = Release|Any CPU
	EndGlobalSection
	GlobalSection(ProjectConfigurationPlatforms) = postSolution
		{665512E9-2F18-40C2-B682-CB9AC7E5B97B}.Debug|Any CPU.ActiveCfg = Debug|Any CPU
		{665512E9-2F18-40C2-B682-CB9AC7E5B97B}.Debug|Any CPU.Build.0 = Debug|Any CPU
		{665512E9-2F18-40C2-B682-CB9AC7E5B97B}.Release|Any CPU.ActiveCfg = Release|Any CPU
		{665512E9-2F18-40C2-B682-CB9AC7E5B97B}.Release|Any CPU.Build.0 = Release|Any CPU
	EndGlobalSection
EndGlobal
